
Microsoft Visual Studio Solution File, Format Version 12.00
# Visual Studio Version 17
VisualStudioVersion = 17.1.32203.90
MinimumVisualStudioVersion = 10.0.40219.1
Project("{FAE04EC0-301F-11D3-BF4B-00C04F79EFBC}") = "Bitobrian.Blazor.Server.Tailwind.Template", "Bitobrian.Blazor.Server.Tailwind.Template\Bitobrian.Blazor.Server.Tailwind.Template.csproj", "{F244BB90-EBF7-4736-9361-0B7B80535710}"
EndProject
Global
	GlobalSection(SolutionConfigurationPlatforms) = preSolution
		Debug|Any CPU = Debug|Any CPU
		Release|Any CPU = Release|Any CPU
	EndGlobalSection
	GlobalSection(ProjectConfigurationPlatforms) = postSolution
		{F244BB90-EBF7-4736-9361-0B7B80535710}.Debug|Any CPU.ActiveCfg = Debug|Any CPU
		{F244BB90-EBF7-4736-9361-0B7B80535710}.Debug|Any CPU.Build.0 = Debug|Any CPU
		{F244BB90-EBF7-4736-9361-0B7B80535710}.Release|Any CPU.ActiveCfg = Release|Any CPU
		{F244BB90-EBF7-4736-9361-0B7B80535710}.Release|Any CPU.Build.0 = Release|Any CPU
	EndGlobalSection
	GlobalSection(SolutionProperties) = preSolution
		HideSolutionNode = FALSE
	EndGlobalSection
	GlobalSection(ExtensibilityGlobals) = postSolution
		SolutionGuid = {CF0CAA1A-778C-4E34-B48A-A0840FE8033F}
	EndGlobalSection
EndGlobal
